
Microsoft Visual Studio Solution File, Format Version 11.00
# Visual Studio 2010
# SharpDevelop 5.1
Project("{FAE04EC0-301F-11D3-BF4B-00C04F79EFBC}") = "Bestnid", "Bestnid\Bestnid.csproj", "{C5155D2B-09E0-4975-A1E8-75CE8F77AA1A}"
EndProject
Global
	GlobalSection(SolutionConfigurationPlatforms) = preSolution
		Debug|Any CPU = Debug|Any CPU
		Release|Any CPU = Release|Any CPU
	EndGlobalSection
	GlobalSection(ProjectConfigurationPlatforms) = postSolution
		{C5155D2B-09E0-4975-A1E8-75CE8F77AA1A}.Debug|Any CPU.ActiveCfg = Debug|Any CPU
		{C5155D2B-09E0-4975-A1E8-75CE8F77AA1A}.Debug|Any CPU.Build.0 = Debug|Any CPU
		{C5155D2B-09E0-4975-A1E8-75CE8F77AA1A}.Release|Any CPU.ActiveCfg = Release|Any CPU
		{C5155D2B-09E0-4975-A1E8-75CE8F77AA1A}.Release|Any CPU.Build.0 = Release|Any CPU
	EndGlobalSection
EndGlobal
